
Microsoft Visual Studio Solution File, Format Version 12.00
# Visual Studio Version 16
VisualStudioVersion = 16.0.31702.278
MinimumVisualStudioVersion = 10.0.40219.1
Project("{FAE04EC0-301F-11D3-BF4B-00C04F79EFBC}") = "ind№2", "ind№2.csproj", "{CB05D9E9-E2A7-4206-90FD-F16A4600F4E9}"
EndProject
Global
	GlobalSection(SolutionConfigurationPlatforms) = preSolution
		Debug|Any CPU = Debug|Any CPU
		Release|Any CPU = Release|Any CPU
	EndGlobalSection
	GlobalSection(ProjectConfigurationPlatforms) = postSolution
		{CB05D9E9-E2A7-4206-90FD-F16A4600F4E9}.Debug|Any CPU.ActiveCfg = Debug|Any CPU
		{CB05D9E9-E2A7-4206-90FD-F16A4600F4E9}.Debug|Any CPU.Build.0 = Debug|Any CPU
		{CB05D9E9-E2A7-4206-90FD-F16A4600F4E9}.Release|Any CPU.ActiveCfg = Release|Any CPU
		{CB05D9E9-E2A7-4206-90FD-F16A4600F4E9}.Release|Any CPU.Build.0 = Release|Any CPU
	EndGlobalSection
	GlobalSection(SolutionProperties) = preSolution
		HideSolutionNode = FALSE
	EndGlobalSection
	GlobalSection(ExtensibilityGlobals) = postSolution
		SolutionGuid = {419FF46A-15ED-457D-8632-A9D880B13F7E}
	EndGlobalSection
EndGlobal
